// !$*UTF8*$!
{
	archiveVersion = 1;
	classes = {
	};
	objectVersion = 56;
	objects = {

/* Begin PBXBuildFile section */
		DC6E43F92C24F93E00C1F5CE /* BrushAnimation.swift in Sources */ = {isa = PBXBuildFile; fileRef = DC6E43F82C24F93E00C1F5CE /* BrushAnimation.swift */; };
		DC6E43FB2C24FC4C00C1F5CE /* new-york.mp4 in Resources */ = {isa = PBXBuildFile; fileRef = DC6E43FA2C24FC4C00C1F5CE /* new-york.mp4 */; };
		DC6FD78A2C1D3D68008FB5FB /* SwiftApp.swift in Sources */ = {isa = PBXBuildFile; fileRef = DC6FD7892C1D3D68008FB5FB /* SwiftApp.swift */; };
		DC6FD78C2C1D3D68008FB5FB /* ContentView.swift in Sources */ = {isa = PBXBuildFile; fileRef = DC6FD78B2C1D3D68008FB5FB /* ContentView.swift */; };
		DC6FD78E2C1D3D69008FB5FB /* Assets.xcassets in Resources */ = {isa = PBXBuildFile; fileRef = DC6FD78D2C1D3D69008FB5FB /* Assets.xcassets */; };
		DC6FD7912C1D3D69008FB5FB /* Preview Assets.xcassets in Resources */ = {isa = PBXBuildFile; fileRef = DC6FD7902C1D3D69008FB5FB /* Preview Assets.xcassets */; };
		DC6FD7992C1DEE7F008FB5FB /* RotationCarousel.swift in Sources */ = {isa = PBXBuildFile; fileRef = DC6FD7982C1DEE7F008FB5FB /* RotationCarousel.swift */; };
		DC6FD79C2C1DEEA4008FB5FB /* photos.swift in Sources */ = {isa = PBXBuildFile; fileRef = DC6FD79B2C1DEEA4008FB5FB /* photos.swift */; };
		DC6FD79E2C1E0DB3008FB5FB /* ParallaxCarousel.swift in Sources */ = {isa = PBXBuildFile; fileRef = DC6FD79D2C1E0DB3008FB5FB /* ParallaxCarousel.swift */; };
		DC6FD7A02C1E11BF008FB5FB /* ScrollViewWithVisualEffect.swift in Sources */ = {isa = PBXBuildFile; fileRef = DC6FD79F2C1E11BF008FB5FB /* ScrollViewWithVisualEffect.swift */; };
		DC6FD7A22C1E126F008FB5FB /* words.swift in Sources */ = {isa = PBXBuildFile; fileRef = DC6FD7A12C1E126F008FB5FB /* words.swift */; };
		DC6FD7A52C1E1800008FB5FB /* MulticolorGradient in Frameworks */ = {isa = PBXBuildFile; productRef = DC6FD7A42C1E1800008FB5FB /* MulticolorGradient */; };
		DC6FD7A72C1E19B9008FB5FB /* MeshGradient.swift in Sources */ = {isa = PBXBuildFile; fileRef = DC6FD7A62C1E19B9008FB5FB /* MeshGradient.swift */; };
		DC6FD7A92C1E21EF008FB5FB /* CustomTransition.swift in Sources */ = {isa = PBXBuildFile; fileRef = DC6FD7A82C1E21EF008FB5FB /* CustomTransition.swift */; };
		DC6FD7AB2C1E2A7B008FB5FB /* RippleEffect.swift in Sources */ = {isa = PBXBuildFile; fileRef = DC6FD7AA2C1E2A7B008FB5FB /* RippleEffect.swift */; };
		DC6FD7AD2C1E2FD8008FB5FB /* Ripple.metal in Sources */ = {isa = PBXBuildFile; fileRef = DC6FD7AC2C1E2FD8008FB5FB /* Ripple.metal */; };
		DC6FD7AF2C1E9F25008FB5FB /* DotAnimations.swift in Sources */ = {isa = PBXBuildFile; fileRef = DC6FD7AE2C1E9F25008FB5FB /* DotAnimations.swift */; };
		DC883C5A2C1EA39700BA0CFF /* HourText.swift in Sources */ = {isa = PBXBuildFile; fileRef = DC883C592C1EA39700BA0CFF /* HourText.swift */; };
		DC883C5C2C1EAF8700BA0CFF /* MonthDayText.swift in Sources */ = {isa = PBXBuildFile; fileRef = DC883C5B2C1EAF8700BA0CFF /* MonthDayText.swift */; };
		DC883C5E2C1EB16B00BA0CFF /* BottomInput.swift in Sources */ = {isa = PBXBuildFile; fileRef = DC883C5D2C1EB16B00BA0CFF /* BottomInput.swift */; };
		DC883C612C1FC36400BA0CFF /* InterpolateValue.swift in Sources */ = {isa = PBXBuildFile; fileRef = DC883C602C1FC36400BA0CFF /* InterpolateValue.swift */; };
		DCE084EF2C211D9800B43C18 /* GoodMorningView.swift in Sources */ = {isa = PBXBuildFile; fileRef = DCE084EE2C211D9800B43C18 /* GoodMorningView.swift */; };
		DCE084F22C211DBE00B43C18 /* Color.swift in Sources */ = {isa = PBXBuildFile; fileRef = DCE084F12C211DBE00B43C18 /* Color.swift */; };
/* End PBXBuildFile section */

/* Begin PBXFileReference section */
		DC6E43F82C24F93E00C1F5CE /* BrushAnimation.swift */ = {isa = PBXFileReference; lastKnownFileType = sourcecode.swift; path = BrushAnimation.swift; sourceTree = "<group>"; };
		DC6E43FA2C24FC4C00C1F5CE /* new-york.mp4 */ = {isa = PBXFileReference; lastKnownFileType = file; name = "new-york.mp4"; path = "Assets.xcassets/new-york.dataset/new-york.mp4"; sourceTree = "<group>"; };
		DC6FD7862C1D3D68008FB5FB /* animations-swift.app */ = {isa = PBXFileReference; explicitFileType = wrapper.application; includeInIndex = 0; path = "animations-swift.app"; sourceTree = BUILT_PRODUCTS_DIR; };
		DC6FD7892C1D3D68008FB5FB /* SwiftApp.swift */ = {isa = PBXFileReference; lastKnownFileType = sourcecode.swift; path = SwiftApp.swift; sourceTree = "<group>"; };
		DC6FD78B2C1D3D68008FB5FB /* ContentView.swift */ = {isa = PBXFileReference; lastKnownFileType = sourcecode.swift; path = ContentView.swift; sourceTree = "<group>"; };
		DC6FD78D2C1D3D69008FB5FB /* Assets.xcassets */ = {isa = PBXFileReference; lastKnownFileType = folder.assetcatalog; path = Assets.xcassets; sourceTree = "<group>"; };
		DC6FD7902C1D3D69008FB5FB /* Preview Assets.xcassets */ = {isa = PBXFileReference; lastKnownFileType = folder.assetcatalog; path = "Preview Assets.xcassets"; sourceTree = "<group>"; };
		DC6FD7982C1DEE7F008FB5FB /* RotationCarousel.swift */ = {isa = PBXFileReference; lastKnownFileType = sourcecode.swift; path = RotationCarousel.swift; sourceTree = "<group>"; };
		DC6FD79B2C1DEEA4008FB5FB /* photos.swift */ = {isa = PBXFileReference; lastKnownFileType = sourcecode.swift; path = photos.swift; sourceTree = "<group>"; };
		DC6FD79D2C1E0DB3008FB5FB /* ParallaxCarousel.swift */ = {isa = PBXFileReference; lastKnownFileType = sourcecode.swift; path = ParallaxCarousel.swift; sourceTree = "<group>"; };
		DC6FD79F2C1E11BF008FB5FB /* ScrollViewWithVisualEffect.swift */ = {isa = PBXFileReference; lastKnownFileType = sourcecode.swift; path = ScrollViewWithVisualEffect.swift; sourceTree = "<group>"; };
		DC6FD7A12C1E126F008FB5FB /* words.swift */ = {isa = PBXFileReference; lastKnownFileType = sourcecode.swift; path = words.swift; sourceTree = "<group>"; };
		DC6FD7A62C1E19B9008FB5FB /* MeshGradient.swift */ = {isa = PBXFileReference; lastKnownFileType = sourcecode.swift; path = MeshGradient.swift; sourceTree = "<group>"; };
		DC6FD7A82C1E21EF008FB5FB /* CustomTransition.swift */ = {isa = PBXFileReference; lastKnownFileType = sourcecode.swift; path = CustomTransition.swift; sourceTree = "<group>"; };
		DC6FD7AA2C1E2A7B008FB5FB /* RippleEffect.swift */ = {isa = PBXFileReference; lastKnownFileType = sourcecode.swift; path = RippleEffect.swift; sourceTree = "<group>"; };
		DC6FD7AC2C1E2FD8008FB5FB /* Ripple.metal */ = {isa = PBXFileReference; lastKnownFileType = sourcecode.metal; path = Ripple.metal; sourceTree = "<group>"; };
		DC6FD7AE2C1E9F25008FB5FB /* DotAnimations.swift */ = {isa = PBXFileReference; lastKnownFileType = sourcecode.swift; path = DotAnimations.swift; sourceTree = "<group>"; };
		DC883C592C1EA39700BA0CFF /* HourText.swift */ = {isa = PBXFileReference; lastKnownFileType = sourcecode.swift; path = HourText.swift; sourceTree = "<group>"; };
		DC883C5B2C1EAF8700BA0CFF /* MonthDayText.swift */ = {isa = PBXFileReference; lastKnownFileType = sourcecode.swift; path = MonthDayText.swift; sourceTree = "<group>"; };
		DC883C5D2C1EB16B00BA0CFF /* BottomInput.swift */ = {isa = PBXFileReference; lastKnownFileType = sourcecode.swift; path = BottomInput.swift; sourceTree = "<group>"; };
		DC883C602C1FC36400BA0CFF /* InterpolateValue.swift */ = {isa = PBXFileReference; lastKnownFileType = sourcecode.swift; path = InterpolateValue.swift; sourceTree = "<group>"; };
		DCE084EE2C211D9800B43C18 /* GoodMorningView.swift */ = {isa = PBXFileReference; lastKnownFileType = sourcecode.swift; path = GoodMorningView.swift; sourceTree = "<group>"; };
		DCE084F12C211DBE00B43C18 /* Color.swift */ = {isa = PBXFileReference; lastKnownFileType = sourcecode.swift; path = Color.swift; sourceTree = "<group>"; };
/* End PBXFileReference section */

/* Begin PBXFrameworksBuildPhase section */
		DC6FD7832C1D3D68008FB5FB /* Frameworks */ = {
			isa = PBXFrameworksBuildPhase;
			buildActionMask = 2147483647;
			files = (
				DC6FD7A52C1E1800008FB5FB /* MulticolorGradient in Frameworks */,
			);
			runOnlyForDeploymentPostprocessing = 0;
		};
/* End PBXFrameworksBuildPhase section */

/* Begin PBXGroup section */
		DC6E43F72C24F91C00C1F5CE /* Brush */ = {
			isa = PBXGroup;
			children = (
				DC6E43F82C24F93E00C1F5CE /* BrushAnimation.swift */,
			);
			path = Brush;
			sourceTree = "<group>";
		};
		DC6FD77D2C1D3D68008FB5FB = {
			isa = PBXGroup;
			children = (
				DC6FD7882C1D3D68008FB5FB /* animations-swift */,
				DC6FD7872C1D3D68008FB5FB /* Products */,
			);
			sourceTree = "<group>";
		};
		DC6FD7872C1D3D68008FB5FB /* Products */ = {
			isa = PBXGroup;
			children = (
				DC6FD7862C1D3D68008FB5FB /* animations-swift.app */,
			);
			name = Products;
			sourceTree = "<group>";
		};
		DC6FD7882C1D3D68008FB5FB /* animations-swift */ = {
			isa = PBXGroup;
			children = (
				DC6E43FA2C24FC4C00C1F5CE /* new-york.mp4 */,
				DCE084F02C211DB200B43C18 /* Colors */,
				DC883C5F2C1FC35300BA0CFF /* Animation */,
				DC883C582C1EA37900BA0CFF /* Components */,
				DC6FD79A2C1DEE8C008FB5FB /* Mock */,
				DC6FD7972C1DEB56008FB5FB /* Screens */,
				DC6FD7892C1D3D68008FB5FB /* SwiftApp.swift */,
				DC6FD78B2C1D3D68008FB5FB /* ContentView.swift */,
				DC6FD78D2C1D3D69008FB5FB /* Assets.xcassets */,
				DC6FD78F2C1D3D69008FB5FB /* Preview Content */,
			);
			path = "animations-swift";
			sourceTree = "<group>";
		};
		DC6FD78F2C1D3D69008FB5FB /* Preview Content */ = {
			isa = PBXGroup;
			children = (
				DC6FD7902C1D3D69008FB5FB /* Preview Assets.xcassets */,
			);
			path = "Preview Content";
			sourceTree = "<group>";
		};
		DC6FD7972C1DEB56008FB5FB /* Screens */ = {
			isa = PBXGroup;
			children = (
				DC6E43F72C24F91C00C1F5CE /* Brush */,
				DCE084ED2C211D7E00B43C18 /* Dot */,
				DC6FD7982C1DEE7F008FB5FB /* RotationCarousel.swift */,
				DC6FD79D2C1E0DB3008FB5FB /* ParallaxCarousel.swift */,
				DC6FD79F2C1E11BF008FB5FB /* ScrollViewWithVisualEffect.swift */,
				DC6FD7A62C1E19B9008FB5FB /* MeshGradient.swift */,
				DC6FD7A82C1E21EF008FB5FB /* CustomTransition.swift */,
				DC6FD7AA2C1E2A7B008FB5FB /* RippleEffect.swift */,
				DC6FD7AC2C1E2FD8008FB5FB /* Ripple.metal */,
			);
			path = Screens;
			sourceTree = "<group>";
		};
		DC6FD79A2C1DEE8C008FB5FB /* Mock */ = {
			isa = PBXGroup;
			children = (
				DC6FD79B2C1DEEA4008FB5FB /* photos.swift */,
				DC6FD7A12C1E126F008FB5FB /* words.swift */,
			);
			path = Mock;
			sourceTree = "<group>";
		};
		DC883C582C1EA37900BA0CFF /* Components */ = {
			isa = PBXGroup;
			children = (
				DC883C592C1EA39700BA0CFF /* HourText.swift */,
				DC883C5B2C1EAF8700BA0CFF /* MonthDayText.swift */,
				DC883C5D2C1EB16B00BA0CFF /* BottomInput.swift */,
			);
			path = Components;
			sourceTree = "<group>";
		};
		DC883C5F2C1FC35300BA0CFF /* Animation */ = {
			isa = PBXGroup;
			children = (
				DC883C602C1FC36400BA0CFF /* InterpolateValue.swift */,
			);
			path = Animation;
			sourceTree = "<group>";
		};
		DCE084ED2C211D7E00B43C18 /* Dot */ = {
			isa = PBXGroup;
			children = (
				DC6FD7AE2C1E9F25008FB5FB /* DotAnimations.swift */,
				DCE084EE2C211D9800B43C18 /* GoodMorningView.swift */,
			);
			path = Dot;
			sourceTree = "<group>";
		};
		DCE084F02C211DB200B43C18 /* Colors */ = {
			isa = PBXGroup;
			children = (
				DCE084F12C211DBE00B43C18 /* Color.swift */,
			);
			path = Colors;
			sourceTree = "<group>";
		};
/* End PBXGroup section */

/* Begin PBXNativeTarget section */
		DC6FD7852C1D3D68008FB5FB /* animations-swift */ = {
			isa = PBXNativeTarget;
			buildConfigurationList = DC6FD7942C1D3D69008FB5FB /* Build configuration list for PBXNativeTarget "animations-swift" */;
			buildPhases = (
				DC6FD7822C1D3D68008FB5FB /* Sources */,
				DC6FD7832C1D3D68008FB5FB /* Frameworks */,
				DC6FD7842C1D3D68008FB5FB /* Resources */,
			);
			buildRules = (
			);
			dependencies = (
			);
			name = "animations-swift";
			packageProductDependencies = (
				DC6FD7A42C1E1800008FB5FB /* MulticolorGradient */,
			);
			productName = "animations-swift";
			productReference = DC6FD7862C1D3D68008FB5FB /* animations-swift.app */;
			productType = "com.apple.product-type.application";
		};
/* End PBXNativeTarget section */

/* Begin PBXProject section */
		DC6FD77E2C1D3D68008FB5FB /* Project object */ = {
			isa = PBXProject;
			attributes = {
				BuildIndependentTargetsInParallel = 1;
				LastSwiftUpdateCheck = 1540;
				LastUpgradeCheck = 1540;
				TargetAttributes = {
					DC6FD7852C1D3D68008FB5FB = {
						CreatedOnToolsVersion = 15.4;
					};
				};
			};
			buildConfigurationList = DC6FD7812C1D3D68008FB5FB /* Build configuration list for PBXProject "animations-swift" */;
			compatibilityVersion = "Xcode 14.0";
			developmentRegion = en;
			hasScannedForEncodings = 0;
			knownRegions = (
				en,
				Base,
			);
			mainGroup = DC6FD77D2C1D3D68008FB5FB;
			packageReferences = (
				DC6FD7A32C1E1800008FB5FB /* XCRemoteSwiftPackageReference "SwiftUI-MulticolorGradient" */,
			);
			productRefGroup = DC6FD7872C1D3D68008FB5FB /* Products */;
			projectDirPath = "";
			projectRoot = "";
			targets = (
				DC6FD7852C1D3D68008FB5FB /* animations-swift */,
			);
		};
/* End PBXProject section */

/* Begin PBXResourcesBuildPhase section */
		DC6FD7842C1D3D68008FB5FB /* Resources */ = {
			isa = PBXResourcesBuildPhase;
			buildActionMask = 2147483647;
			files = (
				DC6FD7912C1D3D69008FB5FB /* Preview Assets.xcassets in Resources */,
				DC6E43FB2C24FC4C00C1F5CE /* new-york.mp4 in Resources */,
				DC6FD78E2C1D3D69008FB5FB /* Assets.xcassets in Resources */,
			);
			runOnlyForDeploymentPostprocessing = 0;
		};
/* End PBXResourcesBuildPhase section */

/* Begin PBXSourcesBuildPhase section */
		DC6FD7822C1D3D68008FB5FB /* Sources */ = {
			isa = PBXSourcesBuildPhase;
			buildActionMask = 2147483647;
			files = (
				DC6FD7A72C1E19B9008FB5FB /* MeshGradient.swift in Sources */,
				DC6FD79C2C1DEEA4008FB5FB /* photos.swift in Sources */,
				DC6FD79E2C1E0DB3008FB5FB /* ParallaxCarousel.swift in Sources */,
				DC6FD7A02C1E11BF008FB5FB /* ScrollViewWithVisualEffect.swift in Sources */,
				DC883C5C2C1EAF8700BA0CFF /* MonthDayText.swift in Sources */,
				DC883C612C1FC36400BA0CFF /* InterpolateValue.swift in Sources */,
				DC6FD7AB2C1E2A7B008FB5FB /* RippleEffect.swift in Sources */,
				DC6FD7A92C1E21EF008FB5FB /* CustomTransition.swift in Sources */,
				DCE084EF2C211D9800B43C18 /* GoodMorningView.swift in Sources */,
				DC6FD78C2C1D3D68008FB5FB /* ContentView.swift in Sources */,
				DC6FD7992C1DEE7F008FB5FB /* RotationCarousel.swift in Sources */,
				DC6FD7A22C1E126F008FB5FB /* words.swift in Sources */,
				DC883C5E2C1EB16B00BA0CFF /* BottomInput.swift in Sources */,
				DC6FD78A2C1D3D68008FB5FB /* SwiftApp.swift in Sources */,
				DC6FD7AD2C1E2FD8008FB5FB /* Ripple.metal in Sources */,
				DC883C5A2C1EA39700BA0CFF /* HourText.swift in Sources */,
				DC6E43F92C24F93E00C1F5CE /* BrushAnimation.swift in Sources */,
				DC6FD7AF2C1E9F25008FB5FB /* DotAnimations.swift in Sources */,
				DCE084F22C211DBE00B43C18 /* Color.swift in Sources */,
			);
			runOnlyForDeploymentPostprocessing = 0;
		};
/* End PBXSourcesBuildPhase section */

/* Begin XCBuildConfiguration section */
		DC6FD7922C1D3D69008FB5FB /* Debug */ = {
			isa = XCBuildConfiguration;
			buildSettings = {
				ALWAYS_SEARCH_USER_PATHS = NO;
				ASSETCATALOG_COMPILER_GENERATE_SWIFT_ASSET_SYMBOL_EXTENSIONS = YES;
				CLANG_ANALYZER_NONNULL = YES;
				CLANG_ANALYZER_NUMBER_OBJECT_CONVERSION = YES_AGGRESSIVE;
				CLANG_CXX_LANGUAGE_STANDARD = "gnu++20";
				CLANG_ENABLE_MODULES = YES;
				CLANG_ENABLE_OBJC_ARC = YES;
				CLANG_ENABLE_OBJC_WEAK = YES;
				CLANG_WARN_BLOCK_CAPTURE_AUTORELEASING = YES;
				CLANG_WARN_BOOL_CONVERSION = YES;
				CLANG_WARN_COMMA = YES;
				CLANG_WARN_CONSTANT_CONVERSION = YES;
				CLANG_WARN_DEPRECATED_OBJC_IMPLEMENTATIONS = YES;
				CLANG_WARN_DIRECT_OBJC_ISA_USAGE = YES_ERROR;
				CLANG_WARN_DOCUMENTATION_COMMENTS = YES;
				CLANG_WARN_EMPTY_BODY = YES;
				CLANG_WARN_ENUM_CONVERSION = YES;
				CLANG_WARN_INFINITE_RECURSION = YES;
				CLANG_WARN_INT_CONVERSION = YES;
				CLANG_WARN_NON_LITERAL_NULL_CONVERSION = YES;
				CLANG_WARN_OBJC_IMPLICIT_RETAIN_SELF = YES;
				CLANG_WARN_OBJC_LITERAL_CONVERSION = YES;
				CLANG_WARN_OBJC_ROOT_CLASS = YES_ERROR;
				CLANG_WARN_QUOTED_INCLUDE_IN_FRAMEWORK_HEADER = YES;
				CLANG_WARN_RANGE_LOOP_ANALYSIS = YES;
				CLANG_WARN_STRICT_PROTOTYPES = YES;
				CLANG_WARN_SUSPICIOUS_MOVE = YES;
				CLANG_WARN_UNGUARDED_AVAILABILITY = YES_AGGRESSIVE;
				CLANG_WARN_UNREACHABLE_CODE = YES;
				CLANG_WARN__DUPLICATE_METHOD_MATCH = YES;
				COPY_PHASE_STRIP = NO;
				DEBUG_INFORMATION_FORMAT = dwarf;
				ENABLE_STRICT_OBJC_MSGSEND = YES;
				ENABLE_TESTABILITY = YES;
				ENABLE_USER_SCRIPT_SANDBOXING = YES;
				GCC_C_LANGUAGE_STANDARD = gnu17;
				GCC_DYNAMIC_NO_PIC = NO;
				GCC_NO_COMMON_BLOCKS = YES;
				GCC_OPTIMIZATION_LEVEL = 0;
				GCC_PREPROCESSOR_DEFINITIONS = (
					"DEBUG=1",
					"$(inherited)",
				);
				GCC_WARN_64_TO_32_BIT_CONVERSION = YES;
				GCC_WARN_ABOUT_RETURN_TYPE = YES_ERROR;
				GCC_WARN_UNDECLARED_SELECTOR = YES;
				GCC_WARN_UNINITIALIZED_AUTOS = YES_AGGRESSIVE;
				GCC_WARN_UNUSED_FUNCTION = YES;
				GCC_WARN_UNUSED_VARIABLE = YES;
				IPHONEOS_DEPLOYMENT_TARGET = 17.5;
				LOCALIZATION_PREFERS_STRING_CATALOGS = YES;
				MTL_ENABLE_DEBUG_INFO = INCLUDE_SOURCE;
				MTL_FAST_MATH = YES;
				ONLY_ACTIVE_ARCH = YES;
				SDKROOT = iphoneos;
				SWIFT_ACTIVE_COMPILATION_CONDITIONS = "DEBUG $(inherited)";
				SWIFT_OPTIMIZATION_LEVEL = "-Onone";
			};
			name = Debug;
		};
		DC6FD7932C1D3D69008FB5FB /* Release */ = {
			isa = XCBuildConfiguration;
			buildSettings = {
				ALWAYS_SEARCH_USER_PATHS = NO;
				ASSETCATALOG_COMPILER_GENERATE_SWIFT_ASSET_SYMBOL_EXTENSIONS = YES;
				CLANG_ANALYZER_NONNULL = YES;
				CLANG_ANALYZER_NUMBER_OBJECT_CONVERSION = YES_AGGRESSIVE;
				CLANG_CXX_LANGUAGE_STANDARD = "gnu++20";
				CLANG_ENABLE_MODULES = YES;
				CLANG_ENABLE_OBJC_ARC = YES;
				CLANG_ENABLE_OBJC_WEAK = YES;
				CLANG_WARN_BLOCK_CAPTURE_AUTORELEASING = YES;
				CLANG_WARN_BOOL_CONVERSION = YES;
				CLANG_WARN_COMMA = YES;
				CLANG_WARN_CONSTANT_CONVERSION = YES;
				CLANG_WARN_DEPRECATED_OBJC_IMPLEMENTATIONS = YES;
				CLANG_WARN_DIRECT_OBJC_ISA_USAGE = YES_ERROR;
				CLANG_WARN_DOCUMENTATION_COMMENTS = YES;
				CLANG_WARN_EMPTY_BODY = YES;
				CLANG_WARN_ENUM_CONVERSION = YES;
				CLANG_WARN_INFINITE_RECURSION = YES;
				CLANG_WARN_INT_CONVERSION = YES;
				CLANG_WARN_NON_LITERAL_NULL_CONVERSION = YES;
				CLANG_WARN_OBJC_IMPLICIT_RETAIN_SELF = YES;
				CLANG_WARN_OBJC_LITERAL_CONVERSION = YES;
				CLANG_WARN_OBJC_ROOT_CLASS = YES_ERROR;
				CLANG_WARN_QUOTED_INCLUDE_IN_FRAMEWORK_HEADER = YES;
				CLANG_WARN_RANGE_LOOP_ANALYSIS = YES;
				CLANG_WARN_STRICT_PROTOTYPES = YES;
				CLANG_WARN_SUSPICIOUS_MOVE = YES;
				CLANG_WARN_UNGUARDED_AVAILABILITY = YES_AGGRESSIVE;
				CLANG_WARN_UNREACHABLE_CODE = YES;
				CLANG_WARN__DUPLICATE_METHOD_MATCH = YES;
				COPY_PHASE_STRIP = NO;
				DEBUG_INFORMATION_FORMAT = "dwarf-with-dsym";
				ENABLE_NS_ASSERTIONS = NO;
				ENABLE_STRICT_OBJC_MSGSEND = YES;
				ENABLE_USER_SCRIPT_SANDBOXING = YES;
				GCC_C_LANGUAGE_STANDARD = gnu17;
				GCC_NO_COMMON_BLOCKS = YES;
				GCC_WARN_64_TO_32_BIT_CONVERSION = YES;
				GCC_WARN_ABOUT_RETURN_TYPE = YES_ERROR;
				GCC_WARN_UNDECLARED_SELECTOR = YES;
				GCC_WARN_UNINITIALIZED_AUTOS = YES_AGGRESSIVE;
				GCC_WARN_UNUSED_FUNCTION = YES;
				GCC_WARN_UNUSED_VARIABLE = YES;
				IPHONEOS_DEPLOYMENT_TARGET = 17.5;
				LOCALIZATION_PREFERS_STRING_CATALOGS = YES;
				MTL_ENABLE_DEBUG_INFO = NO;
				MTL_FAST_MATH = YES;
				SDKROOT = iphoneos;
				SWIFT_COMPILATION_MODE = wholemodule;
				VALIDATE_PRODUCT = YES;
			};
			name = Release;
		};
		DC6FD7952C1D3D69008FB5FB /* Debug */ = {
			isa = XCBuildConfiguration;
			buildSettings = {
				ASSETCATALOG_COMPILER_APPICON_NAME = AppIcon;
				ASSETCATALOG_COMPILER_GLOBAL_ACCENT_COLOR_NAME = AccentColor;
				CODE_SIGN_STYLE = Automatic;
				CURRENT_PROJECT_VERSION = 1;
				DEVELOPMENT_ASSET_PATHS = "\"animations-swift/Preview Content\"";
				DEVELOPMENT_TEAM = R8RR6LZ5DA;
				ENABLE_PREVIEWS = YES;
				GENERATE_INFOPLIST_FILE = YES;
				INFOPLIST_KEY_UIApplicationSceneManifest_Generation = YES;
				INFOPLIST_KEY_UIApplicationSupportsIndirectInputEvents = YES;
				INFOPLIST_KEY_UILaunchScreen_Generation = YES;
				INFOPLIST_KEY_UISupportedInterfaceOrientations_iPad = "UIInterfaceOrientationPortrait UIInterfaceOrientationPortraitUpsideDown UIInterfaceOrientationLandscapeLeft UIInterfaceOrientationLandscapeRight";
				INFOPLIST_KEY_UISupportedInterfaceOrientations_iPhone = "UIInterfaceOrientationPortrait UIInterfaceOrientationLandscapeLeft UIInterfaceOrientationLandscapeRight";
				LD_RUNPATH_SEARCH_PATHS = (
					"$(inherited)",
					"@executable_path/Frameworks",
				);
				MARKETING_VERSION = 1.0;
				PRODUCT_BUNDLE_IDENTIFIER = com.KitchenetDash;
				PRODUCT_NAME = "$(TARGET_NAME)";
				SWIFT_EMIT_LOC_STRINGS = YES;
				SWIFT_VERSION = 5.0;
				TARGETED_DEVICE_FAMILY = "1,2";
			};
			name = Debug;
		};
		DC6FD7962C1D3D69008FB5FB /* Release */ = {
			isa = XCBuildConfiguration;
			buildSettings = {
				ASSETCATALOG_COMPILER_APPICON_NAME = AppIcon;
				ASSETCATALOG_COMPILER_GLOBAL_ACCENT_COLOR_NAME = AccentColor;
				CODE_SIGN_STYLE = Automatic;
				CURRENT_PROJECT_VERSION = 1;
				DEVELOPMENT_ASSET_PATHS = "\"animations-swift/Preview Content\"";
				DEVELOPMENT_TEAM = R8RR6LZ5DA;
				ENABLE_PREVIEWS = YES;
				GENERATE_INFOPLIST_FILE = YES;
				INFOPLIST_KEY_UIApplicationSceneManifest_Generation = YES;
				INFOPLIST_KEY_UIApplicationSupportsIndirectInputEvents = YES;
				INFOPLIST_KEY_UILaunchScreen_Generation = YES;
				INFOPLIST_KEY_UISupportedInterfaceOrientations_iPad = "UIInterfaceOrientationPortrait UIInterfaceOrientationPortraitUpsideDown UIInterfaceOrientationLandscapeLeft UIInterfaceOrientationLandscapeRight";
				INFOPLIST_KEY_UISupportedInterfaceOrientations_iPhone = "UIInterfaceOrientationPortrait UIInterfaceOrientationLandscapeLeft UIInterfaceOrientationLandscapeRight";
				LD_RUNPATH_SEARCH_PATHS = (
					"$(inherited)",
					"@executable_path/Frameworks",
				);
				MARKETING_VERSION = 1.0;
				PRODUCT_BUNDLE_IDENTIFIER = com.KitchenetDash;
				PRODUCT_NAME = "$(TARGET_NAME)";
				SWIFT_EMIT_LOC_STRINGS = YES;
				SWIFT_VERSION = 5.0;
				TARGETED_DEVICE_FAMILY = "1,2";
			};
			name = Release;
		};
/* End XCBuildConfiguration section */

/* Begin XCConfigurationList section */
		DC6FD7812C1D3D68008FB5FB /* Build configuration list for PBXProject "animations-swift" */ = {
			isa = XCConfigurationList;
			buildConfigurations = (
				DC6FD7922C1D3D69008FB5FB /* Debug */,
				DC6FD7932C1D3D69008FB5FB /* Release */,
			);
			defaultConfigurationIsVisible = 0;
			defaultConfigurationName = Release;
		};
		DC6FD7942C1D3D69008FB5FB /* Build configuration list for PBXNativeTarget "animations-swift" */ = {
			isa = XCConfigurationList;
			buildConfigurations = (
				DC6FD7952C1D3D69008FB5FB /* Debug */,
				DC6FD7962C1D3D69008FB5FB /* Release */,
			);
			defaultConfigurationIsVisible = 0;
			defaultConfigurationName = Release;
		};
/* End XCConfigurationList section */

/* Begin XCRemoteSwiftPackageReference section */
		DC6FD7A32C1E1800008FB5FB /* XCRemoteSwiftPackageReference "SwiftUI-MulticolorGradient" */ = {
			isa = XCRemoteSwiftPackageReference;
			repositoryURL = "https://github.com/ArthurGuibert/SwiftUI-MulticolorGradient.git";
			requirement = {
				branch = main;
				kind = branch;
			};
		};
/* End XCRemoteSwiftPackageReference section */

/* Begin XCSwiftPackageProductDependency section */
		DC6FD7A42C1E1800008FB5FB /* MulticolorGradient */ = {
			isa = XCSwiftPackageProductDependency;
			package = DC6FD7A32C1E1800008FB5FB /* XCRemoteSwiftPackageReference "SwiftUI-MulticolorGradient" */;
			productName = MulticolorGradient;
		};
/* End XCSwiftPackageProductDependency section */
	};
	rootObject = DC6FD77E2C1D3D68008FB5FB /* Project object */;
}
