{
  "originHash" : "746b623e4f3be57dc2d56d1ca18edf31ff560e016a77010e8f368321b68b42c4",
  "pins" : [
    {
      "identity" : "swiftui-multicolorgradient",
      "kind" : "remoteSourceControl",
      "location" : "https://github.com/ArthurGuibert/SwiftUI-MulticolorGradient.git",
      "state" : {
        "branch" : "main",
        "revision" : "6f80da646b607d2e3cbacc259eb41f2912ea6e4f"
      }
    },
    {
      "identity" : "videoplayercontainer",
      "kind" : "remoteSourceControl",
      "location" : "https://github.com/shayanbo/VideoPlayerContainer.git",
      "state" : {
        "revision" : "c67b4754daef7c0e20cd64a499612602cbb57a84",
        "version" : "1.0.0"
      }
    },
    {
      "identity" : "wave",
      "kind" : "remoteSourceControl",
      "location" : "https://github.com/jtrivedi/Wave",
      "state" : {
        "revision" : "d95ce41fa52c42d9790388e9086c892930e9e48b",
        "version" : "0.3.2"
      }
    }
  ],
  "version" : 3
}
